# THIS IS AN AUTOGENERATED FILE. DO NOT EDIT THIS FILE DIRECTLY.
# yarn lockfile v1


fscreen@^1.0.2:
  version "1.0.2"
  resolved "https://registry.yarnpkg.com/fscreen/-/fscreen-1.0.2.tgz#c4c51d96d819d75a19d728e0df445f9be9bb984f"
  integrity sha1-xMUdltgZ11oZ1yjg30Rfm+m7mE8=

react-full-screen@^0.3.1:
  version "0.3.1"
  resolved "https://registry.yarnpkg.com/react-full-screen/-/react-full-screen-0.3.1.tgz#60bf7b1ab140348bcfee4f5c98e927b6a0766809"
  integrity sha512-lguQkP+vqwyZGHsLXvM90d8Aktp4gTlPUzszYKuQ9YvxNXIXtu+BILdwr/T+j6P2jREvEppgV20UEauv/0WLDg==
  dependencies:
    fscreen "^1.0.2"
